{
  "version": 4,
  "terraform_version": "1.7.4",
  "serial": 32,
  "lineage": "780c508e-eb48-1c2b-e25f-2d5c91ed522b",
  "outputs": {},
  "resources": [
    {
      "mode": "managed",
      "type": "aws_acm_certificate",
      "name": "cert",
      "provider": "provider[\"registry.terraform.io/hashicorp/aws\"]",
      "instances": [
        {
          "schema_version": 0,
          "attributes": {
            "arn": "arn:aws:acm:eu-west-2:114654406150:certificate/c974ca8f-138f-46ad-ae8e-8b1ab40b9c63",
            "certificate_authority_arn": "",
            "certificate_body": null,
            "certificate_chain": null,
            "domain_name": "gunfire.pro",
            "domain_validation_options": [
              {
                "domain_name": "gunfire.pro",
                "resource_record_name": "_03c95fc0ce2f5c995d94548654704734.gunfire.pro.",
                "resource_record_type": "CNAME",
                "resource_record_value": "_d7878b4959de2badf011e7aecae637ed.mhbtsbpdnt.acm-validations.aws."
              },
              {
                "domain_name": "www.gunfire.pro",
                "resource_record_name": "_0a768742815febebf5bdb1ff0202aa06.www.gunfire.pro.",
                "resource_record_type": "CNAME",
                "resource_record_value": "_358d93390ebd4ca9ade66279b8517257.mhbtsbpdnt.acm-validations.aws."
              }
            ],
            "early_renewal_duration": "",
            "id": "arn:aws:acm:eu-west-2:114654406150:certificate/c974ca8f-138f-46ad-ae8e-8b1ab40b9c63",
            "key_algorithm": "RSA_2048",
            "not_after": "2025-04-01T23:59:59Z",
            "not_before": "2024-03-03T00:00:00Z",
            "options": [
              {
                "certificate_transparency_logging_preference": "ENABLED"
              }
            ],
            "pending_renewal": false,
            "private_key": null,
            "renewal_eligibility": "INELIGIBLE",
            "renewal_summary": [],
            "status": "ISSUED",
            "subject_alternative_names": [
              "gunfire.pro",
              "www.gunfire.pro"
            ],
            "tags": {},
            "tags_all": {},
            "type": "AMAZON_ISSUED",
            "validation_emails": [],
            "validation_method": "DNS",
            "validation_option": []
          },
          "sensitive_attributes": [],
          "private": "bnVsbA==",
          "create_before_destroy": true
        }
      ]
    },
    {
      "mode": "managed",
      "type": "aws_acm_certificate_validation",
      "name": "cert",
      "provider": "provider[\"registry.terraform.io/hashicorp/aws\"]",
      "instances": [
        {
          "schema_version": 0,
          "attributes": {
            "certificate_arn": "arn:aws:acm:eu-west-2:114654406150:certificate/c974ca8f-138f-46ad-ae8e-8b1ab40b9c63",
            "id": "2024-03-03 10:43:53.303 +0000 UTC",
            "timeouts": null,
            "validation_record_fqdns": [
              "_03c95fc0ce2f5c995d94548654704734.gunfire.pro",
              "_0a768742815febebf5bdb1ff0202aa06.www.gunfire.pro"
            ]
          },
          "sensitive_attributes": [],
          "private": "eyJlMmJmYjczMC1lY2FhLTExZTYtOGY4OC0zNDM2M2JjN2M0YzAiOnsiY3JlYXRlIjo0NTAwMDAwMDAwMDAwfX0=",
          "dependencies": [
            "aws_acm_certificate.cert",
            "aws_route53_record.cert_validation",
            "aws_route53_zone.gfr_zone"
          ]
        }
      ]
    },
    {
      "mode": "managed",
      "type": "aws_cloudfront_origin_access_identity",
      "name": "s3_oai",
      "provider": "provider[\"registry.terraform.io/hashicorp/aws\"]",
      "instances": [
        {
          "schema_version": 0,
          "attributes": {
            "caller_reference": "terraform-20240303104923217600000001",
            "cloudfront_access_identity_path": "origin-access-identity/cloudfront/E15MOC15EK3DQ9",
            "comment": "OAI for gunfire.pro",
            "etag": "E343O2BGEHU22X",
            "iam_arn": "arn:aws:iam::cloudfront:user/CloudFront Origin Access Identity E15MOC15EK3DQ9",
            "id": "E15MOC15EK3DQ9",
            "s3_canonical_user_id": "798c676ef8649071366960be4c5cf1c35a0e41943afff768c0c7f1911b6f2ebd2f4858a285e0a770b91f34c22947d474"
          },
          "sensitive_attributes": [],
          "private": "bnVsbA==",
          "dependencies": [
            "aws_s3_bucket.gfr_ui_bucket"
          ]
        }
      ]
    },
    {
      "mode": "managed",
      "type": "aws_route53_record",
      "name": "cert_validation",
      "provider": "provider[\"registry.terraform.io/hashicorp/aws\"]",
      "instances": [
        {
          "index_key": "gunfire.pro",
          "schema_version": 2,
          "attributes": {
            "alias": [],
            "allow_overwrite": true,
            "cidr_routing_policy": [],
            "failover_routing_policy": [],
            "fqdn": "_03c95fc0ce2f5c995d94548654704734.gunfire.pro",
            "geolocation_routing_policy": [],
            "geoproximity_routing_policy": [],
            "health_check_id": "",
            "id": "Z0899810RPD6DYNGGRGK__03c95fc0ce2f5c995d94548654704734.gunfire.pro._CNAME",
            "latency_routing_policy": [],
            "multivalue_answer_routing_policy": false,
            "name": "_03c95fc0ce2f5c995d94548654704734.gunfire.pro",
            "records": [
              "_d7878b4959de2badf011e7aecae637ed.mhbtsbpdnt.acm-validations.aws."
            ],
            "set_identifier": "",
            "ttl": 60,
            "type": "CNAME",
            "weighted_routing_policy": [],
            "zone_id": "Z0899810RPD6DYNGGRGK"
          },
          "sensitive_attributes": [],
          "private": "eyJzY2hlbWFfdmVyc2lvbiI6IjIifQ==",
          "dependencies": [
            "aws_acm_certificate.cert",
            "aws_route53_zone.gfr_zone"
          ]
        },
        {
          "index_key": "www.gunfire.pro",
          "schema_version": 2,
          "attributes": {
            "alias": [],
            "allow_overwrite": true,
            "cidr_routing_policy": [],
            "failover_routing_policy": [],
            "fqdn": "_0a768742815febebf5bdb1ff0202aa06.www.gunfire.pro",
            "geolocation_routing_policy": [],
            "geoproximity_routing_policy": [],
            "health_check_id": "",
            "id": "Z0899810RPD6DYNGGRGK__0a768742815febebf5bdb1ff0202aa06.www.gunfire.pro._CNAME",
            "latency_routing_policy": [],
            "multivalue_answer_routing_policy": false,
            "name": "_0a768742815febebf5bdb1ff0202aa06.www.gunfire.pro",
            "records": [
              "_358d93390ebd4ca9ade66279b8517257.mhbtsbpdnt.acm-validations.aws."
            ],
            "set_identifier": "",
            "ttl": 60,
            "type": "CNAME",
            "weighted_routing_policy": [],
            "zone_id": "Z0899810RPD6DYNGGRGK"
          },
          "sensitive_attributes": [],
          "private": "eyJzY2hlbWFfdmVyc2lvbiI6IjIifQ==",
          "dependencies": [
            "aws_acm_certificate.cert",
            "aws_route53_zone.gfr_zone"
          ]
        }
      ]
    },
    {
      "mode": "managed",
      "type": "aws_route53_zone",
      "name": "gfr_zone",
      "provider": "provider[\"registry.terraform.io/hashicorp/aws\"]",
      "instances": [
        {
          "schema_version": 0,
          "attributes": {
            "arn": "arn:aws:route53:::hostedzone/Z0899810RPD6DYNGGRGK",
            "comment": "Managed by Terraform",
            "delegation_set_id": "",
            "force_destroy": false,
            "id": "Z0899810RPD6DYNGGRGK",
            "name": "gunfire.pro",
            "name_servers": [
              "ns-1334.awsdns-38.org",
              "ns-1856.awsdns-40.co.uk",
              "ns-3.awsdns-00.com",
              "ns-564.awsdns-06.net"
            ],
            "primary_name_server": "ns-3.awsdns-00.com",
            "tags": {},
            "tags_all": {},
            "vpc": [],
            "zone_id": "Z0899810RPD6DYNGGRGK"
          },
          "sensitive_attributes": [],
          "private": "bnVsbA=="
        }
      ]
    },
    {
      "mode": "managed",
      "type": "aws_s3_bucket",
      "name": "gfr_ui_bucket",
      "provider": "provider[\"registry.terraform.io/hashicorp/aws\"]",
      "instances": [
        {
          "schema_version": 0,
          "attributes": {
            "acceleration_status": "",
            "acl": null,
            "arn": "arn:aws:s3:::gunfire.pro",
            "bucket": "gunfire.pro",
            "bucket_domain_name": "gunfire.pro.s3.amazonaws.com",
            "bucket_prefix": "",
            "bucket_regional_domain_name": "gunfire.pro.s3.eu-west-2.amazonaws.com",
            "cors_rule": [],
            "force_destroy": false,
            "grant": [
              {
                "id": "",
                "permissions": [
                  "READ"
                ],
                "type": "Group",
                "uri": "http://acs.amazonaws.com/groups/global/AllUsers"
              },
              {
                "id": "e8463fcf33d6fca106694ca1c9ba12f42200ed44d95ca21c8aa459278f053248",
                "permissions": [
                  "FULL_CONTROL"
                ],
                "type": "CanonicalUser",
                "uri": ""
              }
            ],
            "hosted_zone_id": "Z3GKZC51ZF0DB4",
            "id": "gunfire.pro",
            "lifecycle_rule": [],
            "logging": [],
            "object_lock_configuration": [],
            "object_lock_enabled": false,
            "policy": "",
            "region": "eu-west-2",
            "replication_configuration": [],
            "request_payer": "BucketOwner",
            "server_side_encryption_configuration": [
              {
                "rule": [
                  {
                    "apply_server_side_encryption_by_default": [
                      {
                        "kms_master_key_id": "",
                        "sse_algorithm": "AES256"
                      }
                    ],
                    "bucket_key_enabled": false
                  }
                ]
              }
            ],
            "tags": {},
            "tags_all": {},
            "timeouts": null,
            "versioning": [
              {
                "enabled": false,
                "mfa_delete": false
              }
            ],
            "website": [
              {
                "error_document": "error.html",
                "index_document": "index.html",
                "redirect_all_requests_to": "",
                "routing_rules": ""
              }
            ],
            "website_domain": "s3-website.eu-west-2.amazonaws.com",
            "website_endpoint": "gunfire.pro.s3-website.eu-west-2.amazonaws.com"
          },
          "sensitive_attributes": [],
          "private": "eyJlMmJmYjczMC1lY2FhLTExZTYtOGY4OC0zNDM2M2JjN2M0YzAiOnsiY3JlYXRlIjoxMjAwMDAwMDAwMDAwLCJkZWxldGUiOjM2MDAwMDAwMDAwMDAsInJlYWQiOjEyMDAwMDAwMDAwMDAsInVwZGF0ZSI6MTIwMDAwMDAwMDAwMH19"
        }
      ]
    },
    {
      "mode": "managed",
      "type": "aws_s3_bucket_acl",
      "name": "gfr_ui_bucket_acl",
      "provider": "provider[\"registry.terraform.io/hashicorp/aws\"]",
      "instances": [
        {
          "schema_version": 0,
          "attributes": {
            "access_control_policy": [
              {
                "grant": [
                  {
                    "grantee": [
                      {
                        "display_name": "",
                        "email_address": "",
                        "id": "",
                        "type": "Group",
                        "uri": "http://acs.amazonaws.com/groups/global/AllUsers"
                      }
                    ],
                    "permission": "READ"
                  },
                  {
                    "grantee": [
                      {
                        "display_name": "",
                        "email_address": "",
                        "id": "e8463fcf33d6fca106694ca1c9ba12f42200ed44d95ca21c8aa459278f053248",
                        "type": "CanonicalUser",
                        "uri": ""
                      }
                    ],
                    "permission": "FULL_CONTROL"
                  }
                ],
                "owner": [
                  {
                    "display_name": "",
                    "id": "e8463fcf33d6fca106694ca1c9ba12f42200ed44d95ca21c8aa459278f053248"
                  }
                ]
              }
            ],
            "acl": "public-read",
            "bucket": "gunfire.pro",
            "expected_bucket_owner": "",
            "id": "gunfire.pro,public-read"
          },
          "sensitive_attributes": [],
          "private": "bnVsbA==",
          "dependencies": [
            "aws_s3_bucket.gfr_ui_bucket",
            "aws_s3_bucket_ownership_controls.gfr_ui_bucket_acl_ownership",
            "aws_s3_bucket_public_access_block.gfr_ui_bucket_access"
          ]
        }
      ]
    },
    {
      "mode": "managed",
      "type": "aws_s3_bucket_ownership_controls",
      "name": "gfr_ui_bucket_acl_ownership",
      "provider": "provider[\"registry.terraform.io/hashicorp/aws\"]",
      "instances": [
        {
          "schema_version": 0,
          "attributes": {
            "bucket": "gunfire.pro",
            "id": "gunfire.pro",
            "rule": [
              {
                "object_ownership": "BucketOwnerPreferred"
              }
            ]
          },
          "sensitive_attributes": [],
          "private": "bnVsbA==",
          "dependencies": [
            "aws_s3_bucket.gfr_ui_bucket"
          ]
        }
      ]
    },
    {
      "mode": "managed",
      "type": "aws_s3_bucket_public_access_block",
      "name": "gfr_ui_bucket_access",
      "provider": "provider[\"registry.terraform.io/hashicorp/aws\"]",
      "instances": [
        {
          "schema_version": 0,
          "attributes": {
            "block_public_acls": false,
            "block_public_policy": false,
            "bucket": "gunfire.pro",
            "id": "gunfire.pro",
            "ignore_public_acls": false,
            "restrict_public_buckets": false
          },
          "sensitive_attributes": [],
          "private": "bnVsbA==",
          "dependencies": [
            "aws_s3_bucket.gfr_ui_bucket"
          ]
        }
      ]
    },
    {
      "mode": "managed",
      "type": "aws_s3_bucket_website_configuration",
      "name": "gfr_ui_bucket_website",
      "provider": "provider[\"registry.terraform.io/hashicorp/aws\"]",
      "instances": [
        {
          "schema_version": 0,
          "attributes": {
            "bucket": "gunfire.pro",
            "error_document": [
              {
                "key": "error.html"
              }
            ],
            "expected_bucket_owner": "",
            "id": "gunfire.pro",
            "index_document": [
              {
                "suffix": "index.html"
              }
            ],
            "redirect_all_requests_to": [],
            "routing_rule": [],
            "routing_rules": "",
            "website_domain": "s3-website.eu-west-2.amazonaws.com",
            "website_endpoint": "gunfire.pro.s3-website.eu-west-2.amazonaws.com"
          },
          "sensitive_attributes": [],
          "private": "bnVsbA==",
          "dependencies": [
            "aws_s3_bucket.gfr_ui_bucket"
          ]
        }
      ]
    }
  ],
  "check_results": null
}
